
Microsoft Visual Studio Solution File, Format Version 12.00
# Visual Studio Version 16
VisualStudioVersion = 16.0.29230.47
MinimumVisualStudioVersion = 10.0.40219.1
Project("{FAE04EC0-301F-11D3-BF4B-00C04F79EFBC}") = "11", "0\11.csproj", "{BB203DF3-7C45-454A-9E88-DA3ADA6B3705}"
EndProject
Project("{FAE04EC0-301F-11D3-BF4B-00C04F79EFBC}") = "MyDeque", "MyDeque\MyDeque.csproj", "{5B58A57A-CCCF-457C-B2F4-AB5CAFF86D1F}"
EndProject
Project("{FAE04EC0-301F-11D3-BF4B-00C04F79EFBC}") = "15", "15\15.csproj", "{1DDF6321-D9D5-440C-ACCA-AB9BD8611C6E}"
EndProject
Global
	GlobalSection(SolutionConfigurationPlatforms) = preSolution
		Debug|Any CPU = Debug|Any CPU
		Release|Any CPU = Release|Any CPU
	EndGlobalSection
	GlobalSection(ProjectConfigurationPlatforms) = postSolution
		{BB203DF3-7C45-454A-9E88-DA3ADA6B3705}.Debug|Any CPU.ActiveCfg = Debug|Any CPU
		{BB203DF3-7C45-454A-9E88-DA3ADA6B3705}.Debug|Any CPU.Build.0 = Debug|Any CPU
		{BB203DF3-7C45-454A-9E88-DA3ADA6B3705}.Release|Any CPU.ActiveCfg = Release|Any CPU
		{BB203DF3-7C45-454A-9E88-DA3ADA6B3705}.Release|Any CPU.Build.0 = Release|Any CPU
		{5B58A57A-CCCF-457C-B2F4-AB5CAFF86D1F}.Debug|Any CPU.ActiveCfg = Debug|Any CPU
		{5B58A57A-CCCF-457C-B2F4-AB5CAFF86D1F}.Debug|Any CPU.Build.0 = Debug|Any CPU
		{5B58A57A-CCCF-457C-B2F4-AB5CAFF86D1F}.Release|Any CPU.ActiveCfg = Release|Any CPU
		{5B58A57A-CCCF-457C-B2F4-AB5CAFF86D1F}.Release|Any CPU.Build.0 = Release|Any CPU
		{1DDF6321-D9D5-440C-ACCA-AB9BD8611C6E}.Debug|Any CPU.ActiveCfg = Debug|Any CPU
		{1DDF6321-D9D5-440C-ACCA-AB9BD8611C6E}.Debug|Any CPU.Build.0 = Debug|Any CPU
		{1DDF6321-D9D5-440C-ACCA-AB9BD8611C6E}.Release|Any CPU.ActiveCfg = Release|Any CPU
		{1DDF6321-D9D5-440C-ACCA-AB9BD8611C6E}.Release|Any CPU.Build.0 = Release|Any CPU
	EndGlobalSection
	GlobalSection(SolutionProperties) = preSolution
		HideSolutionNode = FALSE
	EndGlobalSection
	GlobalSection(ExtensibilityGlobals) = postSolution
		SolutionGuid = {54EB86AA-4CD7-4EE4-A6B9-B1734EA4875C}
	EndGlobalSection
EndGlobal
